{
    "requires": true,
    "lockfileVersion": 1,
    "dependencies": {
        "@symfony/webpack-encore": {
            "version": "0.28.2",
            "resolved": "https://registry.npmjs.org/@symfony/webpack-encore/-/webpack-encore-0.28.2.tgz",
            "integrity": "sha512-gGC0dBIoiH6rOtJwMQx+wT7uhRhFt3OIRZ1ml9E0mmXsqpHw9pUTtPmFP8vTE6hPkaw2F/ozqejXKUlZ1hcaBA==",
            "dev": true
        },
        "bootstrap": {
            "version": "4.4.1",
            "resolved": "https://registry.npmjs.org/bootstrap/-/bootstrap-4.4.1.tgz",
            "integrity": "sha512-tbx5cHubwE6e2ZG7nqM3g/FZ5PQEDMWmMGNrCUBVRPHXTJaH7CBDdsLeu3eCh3B1tzAxTnAbtmrzvWEvT2NNEA=="
        },
        "core-js": {
            "version": "3.4.5",
            "resolved": "https://registry.npmjs.org/core-js/-/core-js-3.4.5.tgz",
            "integrity": "sha512-OuvejWH6vIaUo59Ndlh89purNm4DCIy/v3QoYlcGnn+PkYI8BhNHfCuAESrWX+ZPfq9JccVJ+XXgOMy77PJexg==",
            "dev": true
        },
        "jquery": {
            "version": "3.4.1",
            "resolved": "https://registry.npmjs.org/jquery/-/jquery-3.4.1.tgz",
            "integrity": "sha512-36+AdBzCL+y6qjw5Tx7HgzeGCzC81MDDgaUP8ld2zhx58HdqXGoBd+tHdrBMiyjGQs0Hxs/MLZTu/eHNJJuWPw=="
        },
        "popper.js": {
            "version": "1.16.0",
            "resolved": "https://registry.npmjs.org/popper.js/-/popper.js-1.16.0.tgz",
            "integrity": "sha512-+G+EkOPoE5S/zChTpmBSSDYmhXJ5PsW8eMhH8cP/CQHMFPBG/kC9Y5IIw6qNYgdJ+/COf0ddY2li28iHaZRSjw=="
        },
        "regenerator-runtime": {
            "version": "0.13.3",
            "resolved": "https://registry.npmjs.org/regenerator-runtime/-/regenerator-runtime-0.13.3.tgz",
            "integrity": "sha512-naKIZz2GQ8JWh///G7L3X6LaQUAMp2lvb1rvwwsURe/VXwD6VMfr+/1NuNw3ag8v2kY1aQ/go5SNn79O9JU7yw==",
            "dev": true
        },
        "webpack": {
            "version": "4.41.2",
            "resolved": "https://registry.npmjs.org/webpack/-/webpack-4.41.2.tgz",
            "integrity": "sha512-Zhw69edTGfbz9/8JJoyRQ/pq8FYUoY0diOXqW0T6yhgdhCv6wr0hra5DwwWexNRns2Z2+gsnrNcbe9hbGBgk/A==",
            "dev": true
        },
        "webpack-cli": {
            "version": "3.3.10",
            "resolved": "https://registry.npmjs.org/webpack-cli/-/webpack-cli-3.3.10.tgz",
            "integrity": "sha512-u1dgND9+MXaEt74sJR4PR7qkPxXUSQ0RXYq8x1L6Jg1MYVEmGPrH6Ah6C4arD4r0J1P5HKjRqpab36k0eIzPqg==",
            "dev": true,
            "dependencies": {
                "enhanced-resolve": {
                    "version": "4.1.0",
                    "resolved": "https://registry.npmjs.org/enhanced-resolve/-/enhanced-resolve-4.1.0.tgz",
                    "integrity": "sha512-F/7vkyTtyc/llOIn8oWclcB25KdRaiPBpZYDgJHgh/UHtpgT2p2eldQgtQnLtUvfMKPKxbRaQM/hHkvLHt1Vng=="
                },
                "supports-color": {
                    "version": "6.1.0",
                    "resolved": "https://registry.npmjs.org/supports-color/-/supports-color-6.1.0.tgz",
                    "integrity": "sha512-qe1jfm1Mg7Nq/NSh6XE24gPXROEVsWHxC1LIx//XNlD9iw7YZQGjZNjYN7xGaEG6iKdA8EtNFW6R0gjnVXp+wQ=="
                }
            }
        },
        "webpack-notifier": {
            "version": "1.8.0",
            "resolved": "https://registry.npmjs.org/webpack-notifier/-/webpack-notifier-1.8.0.tgz",
            "integrity": "sha512-I6t76NoPe5DZCCm5geELmDV2wlJ89LbU425uN6T2FG8Ywrrt1ZcUMz6g8yWGNg4pttqTPFQJYUPjWAlzUEQ+cQ==",
            "dev": true,
            "dependencies": {
                "ansi-regex": {
                    "version": "2.1.1",
                    "resolved": "https://registry.npmjs.org/ansi-regex/-/ansi-regex-2.1.1.tgz",
                    "integrity": "sha1-w7M6te42DYbg5ijwRorn7yfWVN8="
                },
                "strip-ansi": {
                    "version": "3.0.1",
                    "resolved": "https://registry.npmjs.org/strip-ansi/-/strip-ansi-3.0.1.tgz",
                    "integrity": "sha1-ajhfuIU9lS1f8F0Oiq+UJ43GPc8="
                }
            }
        }
    }
}
